
Microsoft Visual Studio Solution File, Format Version 12.00
# Visual Studio Version 16
VisualStudioVersion = 16.0.30011.22
MinimumVisualStudioVersion = 10.0.40219.1
Project("{FAE04EC0-301F-11D3-BF4B-00C04F79EFBC}") = "InstagramWeb", "InstagramWeb\InstagramWeb.csproj", "{0079AA8B-F80A-4FDB-95BF-6006E2484420}"
EndProject
Global
	GlobalSection(SolutionConfigurationPlatforms) = preSolution
		Debug|Any CPU = Debug|Any CPU
		Release|Any CPU = Release|Any CPU
	EndGlobalSection
	GlobalSection(ProjectConfigurationPlatforms) = postSolution
		{0079AA8B-F80A-4FDB-95BF-6006E2484420}.Debug|Any CPU.ActiveCfg = Debug|Any CPU
		{0079AA8B-F80A-4FDB-95BF-6006E2484420}.Debug|Any CPU.Build.0 = Debug|Any CPU
		{0079AA8B-F80A-4FDB-95BF-6006E2484420}.Release|Any CPU.ActiveCfg = Release|Any CPU
		{0079AA8B-F80A-4FDB-95BF-6006E2484420}.Release|Any CPU.Build.0 = Release|Any CPU
	EndGlobalSection
	GlobalSection(SolutionProperties) = preSolution
		HideSolutionNode = FALSE
	EndGlobalSection
	GlobalSection(ExtensibilityGlobals) = postSolution
		SolutionGuid = {576C57FB-0E0D-4AFA-A32C-8F5A112843DF}
	EndGlobalSection
EndGlobal
